
Microsoft Visual Studio Solution File, Format Version 12.00
# Visual Studio Version 17
VisualStudioVersion = 17.13.35825.156 d17.13
MinimumVisualStudioVersion = 10.0.40219.1
Project("{8BC9CEB8-8B4A-11D0-8D11-00A0C91BC942}") = "시험 시작", "시험 시작\시험 시작.vcxproj", "{F5577E26-8081-4D4F-9115-D125292CC22B}"
EndProject
Global
	GlobalSection(SolutionConfigurationPlatforms) = preSolution
		Debug|x64 = Debug|x64
		Debug|x86 = Debug|x86
		Release|x64 = Release|x64
		Release|x86 = Release|x86
	EndGlobalSection
	GlobalSection(ProjectConfigurationPlatforms) = postSolution
		{F5577E26-8081-4D4F-9115-D125292CC22B}.Debug|x64.ActiveCfg = Debug|x64
		{F5577E26-8081-4D4F-9115-D125292CC22B}.Debug|x64.Build.0 = Debug|x64
		{F5577E26-8081-4D4F-9115-D125292CC22B}.Debug|x86.ActiveCfg = Debug|Win32
		{F5577E26-8081-4D4F-9115-D125292CC22B}.Debug|x86.Build.0 = Debug|Win32
		{F5577E26-8081-4D4F-9115-D125292CC22B}.Release|x64.ActiveCfg = Release|x64
		{F5577E26-8081-4D4F-9115-D125292CC22B}.Release|x64.Build.0 = Release|x64
		{F5577E26-8081-4D4F-9115-D125292CC22B}.Release|x86.ActiveCfg = Release|Win32
		{F5577E26-8081-4D4F-9115-D125292CC22B}.Release|x86.Build.0 = Release|Win32
	EndGlobalSection
	GlobalSection(SolutionProperties) = preSolution
		HideSolutionNode = FALSE
	EndGlobalSection
	GlobalSection(ExtensibilityGlobals) = postSolution
		SolutionGuid = {DFC38BD2-D4A0-42F1-B172-5E235CDCEBB2}
	EndGlobalSection
EndGlobal
