
Microsoft Visual Studio Solution File, Format Version 12.00
# Visual Studio Version 17
VisualStudioVersion = 17.13.35825.156 d17.13
MinimumVisualStudioVersion = 10.0.40219.1
Project("{8BC9CEB8-8B4A-11D0-8D11-00A0C91BC942}") = "과제물", "과제물\과제물.vcxproj", "{EAA7A884-5BE6-431D-922C-30CCBA2F9234}"
EndProject
Global
	GlobalSection(SolutionConfigurationPlatforms) = preSolution
		Debug|x64 = Debug|x64
		Debug|x86 = Debug|x86
		Release|x64 = Release|x64
		Release|x86 = Release|x86
	EndGlobalSection
	GlobalSection(ProjectConfigurationPlatforms) = postSolution
		{EAA7A884-5BE6-431D-922C-30CCBA2F9234}.Debug|x64.ActiveCfg = Debug|x64
		{EAA7A884-5BE6-431D-922C-30CCBA2F9234}.Debug|x64.Build.0 = Debug|x64
		{EAA7A884-5BE6-431D-922C-30CCBA2F9234}.Debug|x86.ActiveCfg = Debug|Win32
		{EAA7A884-5BE6-431D-922C-30CCBA2F9234}.Debug|x86.Build.0 = Debug|Win32
		{EAA7A884-5BE6-431D-922C-30CCBA2F9234}.Release|x64.ActiveCfg = Release|x64
		{EAA7A884-5BE6-431D-922C-30CCBA2F9234}.Release|x64.Build.0 = Release|x64
		{EAA7A884-5BE6-431D-922C-30CCBA2F9234}.Release|x86.ActiveCfg = Release|Win32
		{EAA7A884-5BE6-431D-922C-30CCBA2F9234}.Release|x86.Build.0 = Release|Win32
	EndGlobalSection
	GlobalSection(SolutionProperties) = preSolution
		HideSolutionNode = FALSE
	EndGlobalSection
	GlobalSection(ExtensibilityGlobals) = postSolution
		SolutionGuid = {D9283D1A-3FD4-4AB2-A3E7-27661B20D007}
	EndGlobalSection
EndGlobal
